<?xml version="1.0" encoding="UTF-8"?>
<!DOCTYPE plist PUBLIC "-//Apple//DTD PLIST 1.0//EN" "http://www.apple.com/DTDs/PropertyList-1.0.dtd">
<plist version="1.0">
<dict>
	<key>archiveVersion</key>
	<string>1</string>
	<key>classes</key>
	<dict/>
	<key>objectVersion</key>
	<string>46</string>
	<key>objects</key>
	<dict>
		<key>27B41B3DE0BB4E638B1EE2CA</key>
		<dict>
			<key>explicitFileType</key>
			<string>archive.ar</string>
			<key>includeInIndex</key>
			<string>0</string>
			<key>isa</key>
			<string>PBXFileReference</string>
			<key>path</key>
			<string>libPods.a</string>
			<key>sourceTree</key>
			<string>BUILT_PRODUCTS_DIR</string>
		</dict>
		<key>534B6ED51A8E4693A792CBBD</key>
		<dict>
			<key>includeInIndex</key>
			<string>1</string>
			<key>isa</key>
			<string>PBXFileReference</string>
			<key>lastKnownFileType</key>
			<string>text.xcconfig</string>
			<key>name</key>
			<string>Pods.xcconfig</string>
			<key>path</key>
			<string>Pods/Pods.xcconfig</string>
			<key>sourceTree</key>
			<string>&lt;group&gt;</string>
		</dict>
		<key>557D1955867C4308802029D6</key>
		<dict>
			<key>buildActionMask</key>
			<string>2147483647</string>
			<key>files</key>
			<array/>
			<key>inputPaths</key>
			<array/>
			<key>isa</key>
			<string>PBXShellScriptBuildPhase</string>
			<key>name</key>
			<string>Check Pods Manifest.lock</string>
			<key>outputPaths</key>
			<array/>
			<key>runOnlyForDeploymentPostprocessing</key>
			<string>0</string>
			<key>shellPath</key>
			<string>/bin/sh</string>
			<key>shellScript</key>
			<string>diff "${PODS_ROOT}/../Podfile.lock" "${PODS_ROOT}/Manifest.lock" &gt; /dev/null
if [[ $? != 0 ]] ; then
    cat &lt;&lt; EOM
error: The sandbox is not in sync with the Podfile.lock. Run 'pod install' or update your CocoaPods installation.
EOM
    exit 1
fi
</string>
			<key>showEnvVarsInLog</key>
			<string>0</string>
		</dict>
		<key>6C01E3A718C9D26900347198</key>
		<dict>
			<key>fileEncoding</key>
			<string>4</string>
			<key>isa</key>
			<string>PBXFileReference</string>
			<key>lastKnownFileType</key>
			<string>sourcecode.c.h</string>
			<key>path</key>
			<string>GameBoard.h</string>
			<key>sourceTree</key>
			<string>&lt;group&gt;</string>
		</dict>
		<key>6C01E3A818C9D26900347198</key>
		<dict>
			<key>fileEncoding</key>
			<string>4</string>
			<key>isa</key>
			<string>PBXFileReference</string>
			<key>lastKnownFileType</key>
			<string>sourcecode.c.objc</string>
			<key>path</key>
			<string>GameBoard.m</string>
			<key>sourceTree</key>
			<string>&lt;group&gt;</string>
		</dict>
		<key>6C01E3A918C9D26900347198</key>
		<dict>
			<key>fileRef</key>
			<string>6C01E3A818C9D26900347198</string>
			<key>isa</key>
			<string>PBXBuildFile</string>
		</dict>
		<key>6C01E3AA18C9E49500347198</key>
		<dict>
			<key>fileEncoding</key>
			<string>4</string>
			<key>isa</key>
			<string>PBXFileReference</string>
			<key>lastKnownFileType</key>
			<string>sourcecode.c.h</string>
			<key>path</key>
			<string>GameBoard+Colors.h</string>
			<key>sourceTree</key>
			<string>&lt;group&gt;</string>
		</dict>
		<key>6C01E3AB18C9E49500347198</key>
		<dict>
			<key>fileEncoding</key>
			<string>4</string>
			<key>isa</key>
			<string>PBXFileReference</string>
			<key>lastKnownFileType</key>
			<string>sourcecode.c.objc</string>
			<key>path</key>
			<string>GameBoard+Colors.m</string>
			<key>sourceTree</key>
			<string>&lt;group&gt;</string>
		</dict>
		<key>6C01E3AC18C9E49500347198</key>
		<dict>
			<key>fileRef</key>
			<string>6C01E3AB18C9E49500347198</string>
			<key>isa</key>
			<string>PBXBuildFile</string>
		</dict>
		<key>6CB5C2A118C9043000343C36</key>
		<dict>
			<key>children</key>
			<array>
				<string>6CB5C2B318C9043000343C36</string>
				<string>6CB5C2CC18C9043000343C36</string>
				<string>6CB5C2AC18C9043000343C36</string>
				<string>6CB5C2AB18C9043000343C36</string>
				<string>534B6ED51A8E4693A792CBBD</string>
			</array>
			<key>isa</key>
			<string>PBXGroup</string>
			<key>sourceTree</key>
			<string>&lt;group&gt;</string>
		</dict>
		<key>6CB5C2A218C9043000343C36</key>
		<dict>
			<key>attributes</key>
			<dict>
				<key>LastUpgradeCheck</key>
				<string>0500</string>
				<key>ORGANIZATIONNAME</key>
				<string>Christian Wiedel</string>
				<key>TargetAttributes</key>
				<dict>
					<key>6CB5C2C418C9043000343C36</key>
					<dict>
						<key>TestTargetID</key>
						<string>6CB5C2A918C9043000343C36</string>
					</dict>
				</dict>
			</dict>
			<key>buildConfigurationList</key>
			<string>6CB5C2A518C9043000343C36</string>
			<key>compatibilityVersion</key>
			<string>Xcode 3.2</string>
			<key>developmentRegion</key>
			<string>English</string>
			<key>hasScannedForEncodings</key>
			<string>0</string>
			<key>isa</key>
			<string>PBXProject</string>
			<key>knownRegions</key>
			<array>
				<string>en</string>
			</array>
			<key>mainGroup</key>
			<string>6CB5C2A118C9043000343C36</string>
			<key>productRefGroup</key>
			<string>6CB5C2AB18C9043000343C36</string>
			<key>projectDirPath</key>
			<string></string>
			<key>projectReferences</key>
			<array/>
			<key>projectRoot</key>
			<string></string>
			<key>targets</key>
			<array>
				<string>6CB5C2A918C9043000343C36</string>
				<string>6CB5C2C418C9043000343C36</string>
			</array>
		</dict>
		<key>6CB5C2A518C9043000343C36</key>
		<dict>
			<key>buildConfigurations</key>
			<array>
				<string>6CB5C2D418C9043000343C36</string>
				<string>6CB5C2D518C9043000343C36</string>
			</array>
			<key>defaultConfigurationIsVisible</key>
			<string>0</string>
			<key>defaultConfigurationName</key>
			<string>Release</string>
			<key>isa</key>
			<string>XCConfigurationList</string>
		</dict>
		<key>6CB5C2A618C9043000343C36</key>
		<dict>
			<key>buildActionMask</key>
			<string>2147483647</string>
			<key>files</key>
			<array>
				<string>6C01E3AC18C9E49500347198</string>
				<string>6C01E3A918C9D26900347198</string>
				<string>6CB5C2BE18C9043000343C36</string>
				<string>6CB5C2BA18C9043000343C36</string>
			</array>
			<key>isa</key>
			<string>PBXSourcesBuildPhase</string>
			<key>runOnlyForDeploymentPostprocessing</key>
			<string>0</string>
		</dict>
		<key>6CB5C2A718C9043000343C36</key>
		<dict>
			<key>buildActionMask</key>
			<string>2147483647</string>
			<key>files</key>
			<array>
				<string>6CB5C2B018C9043000343C36</string>
				<string>6CB5C2B218C9043000343C36</string>
				<string>6CB5C2AE18C9043000343C36</string>
				<string>8975E90EBF314974B695C662</string>
			</array>
			<key>isa</key>
			<string>PBXFrameworksBuildPhase</string>
			<key>runOnlyForDeploymentPostprocessing</key>
			<string>0</string>
		</dict>
		<key>6CB5C2A818C9043000343C36</key>
		<dict>
			<key>buildActionMask</key>
			<string>2147483647</string>
			<key>files</key>
			<array>
				<string>6CB5C2B818C9043000343C36</string>
				<string>6CB5C2C018C9043000343C36</string>
			</array>
			<key>isa</key>
			<string>PBXResourcesBuildPhase</string>
			<key>runOnlyForDeploymentPostprocessing</key>
			<string>0</string>
		</dict>
		<key>6CB5C2A918C9043000343C36</key>
		<dict>
			<key>buildConfigurationList</key>
			<string>6CB5C2D618C9043000343C36</string>
			<key>buildPhases</key>
			<array>
				<string>557D1955867C4308802029D6</string>
				<string>6CB5C2A618C9043000343C36</string>
				<string>6CB5C2A718C9043000343C36</string>
				<string>6CB5C2A818C9043000343C36</string>
				<string>F54D4348936C464EBD7781CA</string>
			</array>
			<key>buildRules</key>
			<array/>
			<key>dependencies</key>
			<array/>
			<key>isa</key>
			<string>PBXNativeTarget</string>
			<key>name</key>
			<string>SimpleGamePIA</string>
			<key>productName</key>
			<string>SimpleGamePIA</string>
			<key>productReference</key>
			<string>6CB5C2AA18C9043000343C36</string>
			<key>productType</key>
			<string>com.apple.product-type.application</string>
		</dict>
		<key>6CB5C2AA18C9043000343C36</key>
		<dict>
			<key>explicitFileType</key>
			<string>wrapper.application</string>
			<key>includeInIndex</key>
			<string>0</string>
			<key>isa</key>
			<string>PBXFileReference</string>
			<key>path</key>
			<string>SimpleGamePIA.app</string>
			<key>sourceTree</key>
			<string>BUILT_PRODUCTS_DIR</string>
		</dict>
		<key>6CB5C2AB18C9043000343C36</key>
		<dict>
			<key>children</key>
			<array>
				<string>6CB5C2AA18C9043000343C36</string>
				<string>6CB5C2C518C9043000343C36</string>
			</array>
			<key>isa</key>
			<string>PBXGroup</string>
			<key>name</key>
			<string>Products</string>
			<key>sourceTree</key>
			<string>&lt;group&gt;</string>
		</dict>
		<key>6CB5C2AC18C9043000343C36</key>
		<dict>
			<key>children</key>
			<array>
				<string>6CB5C2AD18C9043000343C36</string>
				<string>6CB5C2AF18C9043000343C36</string>
				<string>6CB5C2B118C9043000343C36</string>
				<string>6CB5C2C618C9043000343C36</string>
				<string>27B41B3DE0BB4E638B1EE2CA</string>
			</array>
			<key>isa</key>
			<string>PBXGroup</string>
			<key>name</key>
			<string>Frameworks</string>
			<key>sourceTree</key>
			<string>&lt;group&gt;</string>
		</dict>
		<key>6CB5C2AD18C9043000343C36</key>
		<dict>
			<key>isa</key>
			<string>PBXFileReference</string>
			<key>lastKnownFileType</key>
			<string>wrapper.framework</string>
			<key>name</key>
			<string>Foundation.framework</string>
			<key>path</key>
			<string>System/Library/Frameworks/Foundation.framework</string>
			<key>sourceTree</key>
			<string>SDKROOT</string>
		</dict>
		<key>6CB5C2AE18C9043000343C36</key>
		<dict>
			<key>fileRef</key>
			<string>6CB5C2AD18C9043000343C36</string>
			<key>isa</key>
			<string>PBXBuildFile</string>
		</dict>
		<key>6CB5C2AF18C9043000343C36</key>
		<dict>
			<key>isa</key>
			<string>PBXFileReference</string>
			<key>lastKnownFileType</key>
			<string>wrapper.framework</string>
			<key>name</key>
			<string>CoreGraphics.framework</string>
			<key>path</key>
			<string>System/Library/Frameworks/CoreGraphics.framework</string>
			<key>sourceTree</key>
			<string>SDKROOT</string>
		</dict>
		<key>6CB5C2B018C9043000343C36</key>
		<dict>
			<key>fileRef</key>
			<string>6CB5C2AF18C9043000343C36</string>
			<key>isa</key>
			<string>PBXBuildFile</string>
		</dict>
		<key>6CB5C2B118C9043000343C36</key>
		<dict>
			<key>isa</key>
			<string>PBXFileReference</string>
			<key>lastKnownFileType</key>
			<string>wrapper.framework</string>
			<key>name</key>
			<string>UIKit.framework</string>
			<key>path</key>
			<string>System/Library/Frameworks/UIKit.framework</string>
			<key>sourceTree</key>
			<string>SDKROOT</string>
		</dict>
		<key>6CB5C2B218C9043000343C36</key>
		<dict>
			<key>fileRef</key>
			<string>6CB5C2B118C9043000343C36</string>
			<key>isa</key>
			<string>PBXBuildFile</string>
		</dict>
		<key>6CB5C2B318C9043000343C36</key>
		<dict>
			<key>children</key>
			<array>
				<string>6CB5C2BC18C9043000343C36</string>
				<string>6CB5C2BD18C9043000343C36</string>
				<string>6C01E3A718C9D26900347198</string>
				<string>6C01E3A818C9D26900347198</string>
				<string>6C01E3AA18C9E49500347198</string>
				<string>6C01E3AB18C9E49500347198</string>
				<string>6CB5C2B418C9043000343C36</string>
			</array>
			<key>isa</key>
			<string>PBXGroup</string>
			<key>path</key>
			<string>SimpleGamePIA</string>
			<key>sourceTree</key>
			<string>&lt;group&gt;</string>
		</dict>
		<key>6CB5C2B418C9043000343C36</key>
		<dict>
			<key>children</key>
			<array>
				<string>6CB5C2BF18C9043000343C36</string>
				<string>6CB5C2B518C9043000343C36</string>
				<string>6CB5C2B618C9043000343C36</string>
				<string>6CB5C2B918C9043000343C36</string>
				<string>6CB5C2BB18C9043000343C36</string>
			</array>
			<key>isa</key>
			<string>PBXGroup</string>
			<key>name</key>
			<string>Supporting Files</string>
			<key>sourceTree</key>
			<string>&lt;group&gt;</string>
		</dict>
		<key>6CB5C2B518C9043000343C36</key>
		<dict>
			<key>isa</key>
			<string>PBXFileReference</string>
			<key>lastKnownFileType</key>
			<string>text.plist.xml</string>
			<key>path</key>
			<string>SimpleGamePIA-Info.plist</string>
			<key>sourceTree</key>
			<string>&lt;group&gt;</string>
		</dict>
		<key>6CB5C2B618C9043000343C36</key>
		<dict>
			<key>children</key>
			<array>
				<string>6CB5C2B718C9043000343C36</string>
			</array>
			<key>isa</key>
			<string>PBXVariantGroup</string>
			<key>name</key>
			<string>InfoPlist.strings</string>
			<key>sourceTree</key>
			<string>&lt;group&gt;</string>
		</dict>
		<key>6CB5C2B718C9043000343C36</key>
		<dict>
			<key>isa</key>
			<string>PBXFileReference</string>
			<key>lastKnownFileType</key>
			<string>text.plist.strings</string>
			<key>name</key>
			<string>en</string>
			<key>path</key>
			<string>en.lproj/InfoPlist.strings</string>
			<key>sourceTree</key>
			<string>&lt;group&gt;</string>
		</dict>
		<key>6CB5C2B818C9043000343C36</key>
		<dict>
			<key>fileRef</key>
			<string>6CB5C2B618C9043000343C36</string>
			<key>isa</key>
			<string>PBXBuildFile</string>
		</dict>
		<key>6CB5C2B918C9043000343C36</key>
		<dict>
			<key>isa</key>
			<string>PBXFileReference</string>
			<key>lastKnownFileType</key>
			<string>sourcecode.c.objc</string>
			<key>path</key>
			<string>main.m</string>
			<key>sourceTree</key>
			<string>&lt;group&gt;</string>
		</dict>
		<key>6CB5C2BA18C9043000343C36</key>
		<dict>
			<key>fileRef</key>
			<string>6CB5C2B918C9043000343C36</string>
			<key>isa</key>
			<string>PBXBuildFile</string>
		</dict>
		<key>6CB5C2BB18C9043000343C36</key>
		<dict>
			<key>isa</key>
			<string>PBXFileReference</string>
			<key>lastKnownFileType</key>
			<string>sourcecode.c.h</string>
			<key>path</key>
			<string>SimpleGamePIA-Prefix.pch</string>
			<key>sourceTree</key>
			<string>&lt;group&gt;</string>
		</dict>
		<key>6CB5C2BC18C9043000343C36</key>
		<dict>
			<key>isa</key>
			<string>PBXFileReference</string>
			<key>lastKnownFileType</key>
			<string>sourcecode.c.h</string>
			<key>path</key>
			<string>AppDelegate.h</string>
			<key>sourceTree</key>
			<string>&lt;group&gt;</string>
		</dict>
		<key>6CB5C2BD18C9043000343C36</key>
		<dict>
			<key>isa</key>
			<string>PBXFileReference</string>
			<key>lastKnownFileType</key>
			<string>sourcecode.c.objc</string>
			<key>path</key>
			<string>AppDelegate.m</string>
			<key>sourceTree</key>
			<string>&lt;group&gt;</string>
		</dict>
		<key>6CB5C2BE18C9043000343C36</key>
		<dict>
			<key>fileRef</key>
			<string>6CB5C2BD18C9043000343C36</string>
			<key>isa</key>
			<string>PBXBuildFile</string>
		</dict>
		<key>6CB5C2BF18C9043000343C36</key>
		<dict>
			<key>isa</key>
			<string>PBXFileReference</string>
			<key>lastKnownFileType</key>
			<string>folder.assetcatalog</string>
			<key>path</key>
			<string>Images.xcassets</string>
			<key>sourceTree</key>
			<string>&lt;group&gt;</string>
		</dict>
		<key>6CB5C2C018C9043000343C36</key>
		<dict>
			<key>fileRef</key>
			<string>6CB5C2BF18C9043000343C36</string>
			<key>isa</key>
			<string>PBXBuildFile</string>
		</dict>
		<key>6CB5C2C118C9043000343C36</key>
		<dict>
			<key>buildActionMask</key>
			<string>2147483647</string>
			<key>files</key>
			<array>
				<string>6CB5C2D318C9043000343C36</string>
			</array>
			<key>isa</key>
			<string>PBXSourcesBuildPhase</string>
			<key>runOnlyForDeploymentPostprocessing</key>
			<string>0</string>
		</dict>
		<key>6CB5C2C218C9043000343C36</key>
		<dict>
			<key>buildActionMask</key>
			<string>2147483647</string>
			<key>files</key>
			<array>
				<string>6CB5C2C718C9043000343C36</string>
				<string>6CB5C2C918C9043000343C36</string>
				<string>6CB5C2C818C9043000343C36</string>
			</array>
			<key>isa</key>
			<string>PBXFrameworksBuildPhase</string>
			<key>runOnlyForDeploymentPostprocessing</key>
			<string>0</string>
		</dict>
		<key>6CB5C2C318C9043000343C36</key>
		<dict>
			<key>buildActionMask</key>
			<string>2147483647</string>
			<key>files</key>
			<array>
				<string>6CB5C2D118C9043000343C36</string>
			</array>
			<key>isa</key>
			<string>PBXResourcesBuildPhase</string>
			<key>runOnlyForDeploymentPostprocessing</key>
			<string>0</string>
		</dict>
		<key>6CB5C2C418C9043000343C36</key>
		<dict>
			<key>buildConfigurationList</key>
			<string>6CB5C2D918C9043000343C36</string>
			<key>buildPhases</key>
			<array>
				<string>6CB5C2C118C9043000343C36</string>
				<string>6CB5C2C218C9043000343C36</string>
				<string>6CB5C2C318C9043000343C36</string>
			</array>
			<key>buildRules</key>
			<array/>
			<key>dependencies</key>
			<array>
				<string>6CB5C2CB18C9043000343C36</string>
			</array>
			<key>isa</key>
			<string>PBXNativeTarget</string>
			<key>name</key>
			<string>SimpleGamePIATests</string>
			<key>productName</key>
			<string>SimpleGamePIATests</string>
			<key>productReference</key>
			<string>6CB5C2C518C9043000343C36</string>
			<key>productType</key>
			<string>com.apple.product-type.bundle.unit-test</string>
		</dict>
		<key>6CB5C2C518C9043000343C36</key>
		<dict>
			<key>explicitFileType</key>
			<string>wrapper.cfbundle</string>
			<key>includeInIndex</key>
			<string>0</string>
			<key>isa</key>
			<string>PBXFileReference</string>
			<key>path</key>
			<string>SimpleGamePIATests.xctest</string>
			<key>sourceTree</key>
			<string>BUILT_PRODUCTS_DIR</string>
		</dict>
		<key>6CB5C2C618C9043000343C36</key>
		<dict>
			<key>isa</key>
			<string>PBXFileReference</string>
			<key>lastKnownFileType</key>
			<string>wrapper.framework</string>
			<key>name</key>
			<string>XCTest.framework</string>
			<key>path</key>
			<string>Library/Frameworks/XCTest.framework</string>
			<key>sourceTree</key>
			<string>DEVELOPER_DIR</string>
		</dict>
		<key>6CB5C2C718C9043000343C36</key>
		<dict>
			<key>fileRef</key>
			<string>6CB5C2C618C9043000343C36</string>
			<key>isa</key>
			<string>PBXBuildFile</string>
		</dict>
		<key>6CB5C2C818C9043000343C36</key>
		<dict>
			<key>fileRef</key>
			<string>6CB5C2AD18C9043000343C36</string>
			<key>isa</key>
			<string>PBXBuildFile</string>
		</dict>
		<key>6CB5C2C918C9043000343C36</key>
		<dict>
			<key>fileRef</key>
			<string>6CB5C2B118C9043000343C36</string>
			<key>isa</key>
			<string>PBXBuildFile</string>
		</dict>
		<key>6CB5C2CA18C9043000343C36</key>
		<dict>
			<key>containerPortal</key>
			<string>6CB5C2A218C9043000343C36</string>
			<key>isa</key>
			<string>PBXContainerItemProxy</string>
			<key>proxyType</key>
			<string>1</string>
			<key>remoteGlobalIDString</key>
			<string>6CB5C2A918C9043000343C36</string>
			<key>remoteInfo</key>
			<string>SimpleGamePIA</string>
		</dict>
		<key>6CB5C2CB18C9043000343C36</key>
		<dict>
			<key>isa</key>
			<string>PBXTargetDependency</string>
			<key>target</key>
			<string>6CB5C2A918C9043000343C36</string>
			<key>targetProxy</key>
			<string>6CB5C2CA18C9043000343C36</string>
		</dict>
		<key>6CB5C2CC18C9043000343C36</key>
		<dict>
			<key>children</key>
			<array>
				<string>6CB5C2D218C9043000343C36</string>
				<string>6CB5C2CD18C9043000343C36</string>
			</array>
			<key>isa</key>
			<string>PBXGroup</string>
			<key>path</key>
			<string>SimpleGamePIATests</string>
			<key>sourceTree</key>
			<string>&lt;group&gt;</string>
		</dict>
		<key>6CB5C2CD18C9043000343C36</key>
		<dict>
			<key>children</key>
			<array>
				<string>6CB5C2CE18C9043000343C36</string>
				<string>6CB5C2CF18C9043000343C36</string>
			</array>
			<key>isa</key>
			<string>PBXGroup</string>
			<key>name</key>
			<string>Supporting Files</string>
			<key>sourceTree</key>
			<string>&lt;group&gt;</string>
		</dict>
		<key>6CB5C2CE18C9043000343C36</key>
		<dict>
			<key>isa</key>
			<string>PBXFileReference</string>
			<key>lastKnownFileType</key>
			<string>text.plist.xml</string>
			<key>path</key>
			<string>SimpleGamePIATests-Info.plist</string>
			<key>sourceTree</key>
			<string>&lt;group&gt;</string>
		</dict>
		<key>6CB5C2CF18C9043000343C36</key>
		<dict>
			<key>children</key>
			<array>
				<string>6CB5C2D018C9043000343C36</string>
			</array>
			<key>isa</key>
			<string>PBXVariantGroup</string>
			<key>name</key>
			<string>InfoPlist.strings</string>
			<key>sourceTree</key>
			<string>&lt;group&gt;</string>
		</dict>
		<key>6CB5C2D018C9043000343C36</key>
		<dict>
			<key>isa</key>
			<string>PBXFileReference</string>
			<key>lastKnownFileType</key>
			<string>text.plist.strings</string>
			<key>name</key>
			<string>en</string>
			<key>path</key>
			<string>en.lproj/InfoPlist.strings</string>
			<key>sourceTree</key>
			<string>&lt;group&gt;</string>
		</dict>
		<key>6CB5C2D118C9043000343C36</key>
		<dict>
			<key>fileRef</key>
			<string>6CB5C2CF18C9043000343C36</string>
			<key>isa</key>
			<string>PBXBuildFile</string>
		</dict>
		<key>6CB5C2D218C9043000343C36</key>
		<dict>
			<key>isa</key>
			<string>PBXFileReference</string>
			<key>lastKnownFileType</key>
			<string>sourcecode.c.objc</string>
			<key>path</key>
			<string>SimpleGamePIATests.m</string>
			<key>sourceTree</key>
			<string>&lt;group&gt;</string>
		</dict>
		<key>6CB5C2D318C9043000343C36</key>
		<dict>
			<key>fileRef</key>
			<string>6CB5C2D218C9043000343C36</string>
			<key>isa</key>
			<string>PBXBuildFile</string>
		</dict>
		<key>6CB5C2D418C9043000343C36</key>
		<dict>
			<key>buildSettings</key>
			<dict>
				<key>ALWAYS_SEARCH_USER_PATHS</key>
				<string>NO</string>
				<key>ARCHS</key>
				<string>$(ARCHS_STANDARD_INCLUDING_64_BIT)</string>
				<key>CLANG_CXX_LANGUAGE_STANDARD</key>
				<string>gnu++0x</string>
				<key>CLANG_CXX_LIBRARY</key>
				<string>libc++</string>
				<key>CLANG_ENABLE_MODULES</key>
				<string>YES</string>
				<key>CLANG_ENABLE_OBJC_ARC</key>
				<string>YES</string>
				<key>CLANG_WARN_BOOL_CONVERSION</key>
				<string>YES</string>
				<key>CLANG_WARN_CONSTANT_CONVERSION</key>
				<string>YES</string>
				<key>CLANG_WARN_DIRECT_OBJC_ISA_USAGE</key>
				<string>YES_ERROR</string>
				<key>CLANG_WARN_EMPTY_BODY</key>
				<string>YES</string>
				<key>CLANG_WARN_ENUM_CONVERSION</key>
				<string>YES</string>
				<key>CLANG_WARN_INT_CONVERSION</key>
				<string>YES</string>
				<key>CLANG_WARN_OBJC_ROOT_CLASS</key>
				<string>YES_ERROR</string>
				<key>CLANG_WARN__DUPLICATE_METHOD_MATCH</key>
				<string>YES</string>
				<key>CODE_SIGN_IDENTITY[sdk=iphoneos*]</key>
				<string>iPhone Developer</string>
				<key>COPY_PHASE_STRIP</key>
				<string>NO</string>
				<key>GCC_C_LANGUAGE_STANDARD</key>
				<string>gnu99</string>
				<key>GCC_DYNAMIC_NO_PIC</key>
				<string>NO</string>
				<key>GCC_OPTIMIZATION_LEVEL</key>
				<string>0</string>
				<key>GCC_PREPROCESSOR_DEFINITIONS</key>
				<array>
					<string>DEBUG=1</string>
					<string>$(inherited)</string>
				</array>
				<key>GCC_SYMBOLS_PRIVATE_EXTERN</key>
				<string>NO</string>
				<key>GCC_WARN_64_TO_32_BIT_CONVERSION</key>
				<string>YES</string>
				<key>GCC_WARN_ABOUT_RETURN_TYPE</key>
				<string>YES_ERROR</string>
				<key>GCC_WARN_UNDECLARED_SELECTOR</key>
				<string>YES</string>
				<key>GCC_WARN_UNINITIALIZED_AUTOS</key>
				<string>YES</string>
				<key>GCC_WARN_UNUSED_FUNCTION</key>
				<string>YES</string>
				<key>GCC_WARN_UNUSED_VARIABLE</key>
				<string>YES</string>
				<key>IPHONEOS_DEPLOYMENT_TARGET</key>
				<string>7.0</string>
				<key>ONLY_ACTIVE_ARCH</key>
				<string>YES</string>
				<key>SDKROOT</key>
				<string>iphoneos</string>
			</dict>
			<key>isa</key>
			<string>XCBuildConfiguration</string>
			<key>name</key>
			<string>Debug</string>
		</dict>
		<key>6CB5C2D518C9043000343C36</key>
		<dict>
			<key>buildSettings</key>
			<dict>
				<key>ALWAYS_SEARCH_USER_PATHS</key>
				<string>NO</string>
				<key>ARCHS</key>
				<string>$(ARCHS_STANDARD_INCLUDING_64_BIT)</string>
				<key>CLANG_CXX_LANGUAGE_STANDARD</key>
				<string>gnu++0x</string>
				<key>CLANG_CXX_LIBRARY</key>
				<string>libc++</string>
				<key>CLANG_ENABLE_MODULES</key>
				<string>YES</string>
				<key>CLANG_ENABLE_OBJC_ARC</key>
				<string>YES</string>
				<key>CLANG_WARN_BOOL_CONVERSION</key>
				<string>YES</string>
				<key>CLANG_WARN_CONSTANT_CONVERSION</key>
				<string>YES</string>
				<key>CLANG_WARN_DIRECT_OBJC_ISA_USAGE</key>
				<string>YES_ERROR</string>
				<key>CLANG_WARN_EMPTY_BODY</key>
				<string>YES</string>
				<key>CLANG_WARN_ENUM_CONVERSION</key>
				<string>YES</string>
				<key>CLANG_WARN_INT_CONVERSION</key>
				<string>YES</string>
				<key>CLANG_WARN_OBJC_ROOT_CLASS</key>
				<string>YES_ERROR</string>
				<key>CLANG_WARN__DUPLICATE_METHOD_MATCH</key>
				<string>YES</string>
				<key>CODE_SIGN_IDENTITY[sdk=iphoneos*]</key>
				<string>iPhone Developer</string>
				<key>COPY_PHASE_STRIP</key>
				<string>YES</string>
				<key>ENABLE_NS_ASSERTIONS</key>
				<string>NO</string>
				<key>GCC_C_LANGUAGE_STANDARD</key>
				<string>gnu99</string>
				<key>GCC_WARN_64_TO_32_BIT_CONVERSION</key>
				<string>YES</string>
				<key>GCC_WARN_ABOUT_RETURN_TYPE</key>
				<string>YES_ERROR</string>
				<key>GCC_WARN_UNDECLARED_SELECTOR</key>
				<string>YES</string>
				<key>GCC_WARN_UNINITIALIZED_AUTOS</key>
				<string>YES</string>
				<key>GCC_WARN_UNUSED_FUNCTION</key>
				<string>YES</string>
				<key>GCC_WARN_UNUSED_VARIABLE</key>
				<string>YES</string>
				<key>IPHONEOS_DEPLOYMENT_TARGET</key>
				<string>7.0</string>
				<key>SDKROOT</key>
				<string>iphoneos</string>
				<key>VALIDATE_PRODUCT</key>
				<string>YES</string>
			</dict>
			<key>isa</key>
			<string>XCBuildConfiguration</string>
			<key>name</key>
			<string>Release</string>
		</dict>
		<key>6CB5C2D618C9043000343C36</key>
		<dict>
			<key>buildConfigurations</key>
			<array>
				<string>6CB5C2D718C9043000343C36</string>
				<string>6CB5C2D818C9043000343C36</string>
			</array>
			<key>defaultConfigurationIsVisible</key>
			<string>0</string>
			<key>defaultConfigurationName</key>
			<string>Release</string>
			<key>isa</key>
			<string>XCConfigurationList</string>
		</dict>
		<key>6CB5C2D718C9043000343C36</key>
		<dict>
			<key>baseConfigurationReference</key>
			<string>534B6ED51A8E4693A792CBBD</string>
			<key>buildSettings</key>
			<dict>
				<key>ASSETCATALOG_COMPILER_APPICON_NAME</key>
				<string>AppIcon</string>
				<key>ASSETCATALOG_COMPILER_LAUNCHIMAGE_NAME</key>
				<string>LaunchImage</string>
				<key>GCC_PRECOMPILE_PREFIX_HEADER</key>
				<string>YES</string>
				<key>GCC_PREFIX_HEADER</key>
				<string>SimpleGamePIA/SimpleGamePIA-Prefix.pch</string>
				<key>INFOPLIST_FILE</key>
				<string>SimpleGamePIA/SimpleGamePIA-Info.plist</string>
				<key>PRODUCT_NAME</key>
				<string>$(TARGET_NAME)</string>
				<key>WRAPPER_EXTENSION</key>
				<string>app</string>
			</dict>
			<key>isa</key>
			<string>XCBuildConfiguration</string>
			<key>name</key>
			<string>Debug</string>
		</dict>
		<key>6CB5C2D818C9043000343C36</key>
		<dict>
			<key>baseConfigurationReference</key>
			<string>534B6ED51A8E4693A792CBBD</string>
			<key>buildSettings</key>
			<dict>
				<key>ASSETCATALOG_COMPILER_APPICON_NAME</key>
				<string>AppIcon</string>
				<key>ASSETCATALOG_COMPILER_LAUNCHIMAGE_NAME</key>
				<string>LaunchImage</string>
				<key>GCC_PRECOMPILE_PREFIX_HEADER</key>
				<string>YES</string>
				<key>GCC_PREFIX_HEADER</key>
				<string>SimpleGamePIA/SimpleGamePIA-Prefix.pch</string>
				<key>INFOPLIST_FILE</key>
				<string>SimpleGamePIA/SimpleGamePIA-Info.plist</string>
				<key>PRODUCT_NAME</key>
				<string>$(TARGET_NAME)</string>
				<key>WRAPPER_EXTENSION</key>
				<string>app</string>
			</dict>
			<key>isa</key>
			<string>XCBuildConfiguration</string>
			<key>name</key>
			<string>Release</string>
		</dict>
		<key>6CB5C2D918C9043000343C36</key>
		<dict>
			<key>buildConfigurations</key>
			<array>
				<string>6CB5C2DA18C9043000343C36</string>
				<string>6CB5C2DB18C9043000343C36</string>
			</array>
			<key>defaultConfigurationIsVisible</key>
			<string>0</string>
			<key>defaultConfigurationName</key>
			<string>Release</string>
			<key>isa</key>
			<string>XCConfigurationList</string>
		</dict>
		<key>6CB5C2DA18C9043000343C36</key>
		<dict>
			<key>buildSettings</key>
			<dict>
				<key>ARCHS</key>
				<string>$(ARCHS_STANDARD_INCLUDING_64_BIT)</string>
				<key>BUNDLE_LOADER</key>
				<string>$(BUILT_PRODUCTS_DIR)/SimpleGamePIA.app/SimpleGamePIA</string>
				<key>FRAMEWORK_SEARCH_PATHS</key>
				<array>
					<string>$(SDKROOT)/Developer/Library/Frameworks</string>
					<string>$(inherited)</string>
					<string>$(DEVELOPER_FRAMEWORKS_DIR)</string>
				</array>
				<key>GCC_PRECOMPILE_PREFIX_HEADER</key>
				<string>YES</string>
				<key>GCC_PREFIX_HEADER</key>
				<string>SimpleGamePIA/SimpleGamePIA-Prefix.pch</string>
				<key>GCC_PREPROCESSOR_DEFINITIONS</key>
				<array>
					<string>DEBUG=1</string>
					<string>$(inherited)</string>
				</array>
				<key>INFOPLIST_FILE</key>
				<string>SimpleGamePIATests/SimpleGamePIATests-Info.plist</string>
				<key>PRODUCT_NAME</key>
				<string>$(TARGET_NAME)</string>
				<key>TEST_HOST</key>
				<string>$(BUNDLE_LOADER)</string>
				<key>WRAPPER_EXTENSION</key>
				<string>xctest</string>
			</dict>
			<key>isa</key>
			<string>XCBuildConfiguration</string>
			<key>name</key>
			<string>Debug</string>
		</dict>
		<key>6CB5C2DB18C9043000343C36</key>
		<dict>
			<key>buildSettings</key>
			<dict>
				<key>ARCHS</key>
				<string>$(ARCHS_STANDARD_INCLUDING_64_BIT)</string>
				<key>BUNDLE_LOADER</key>
				<string>$(BUILT_PRODUCTS_DIR)/SimpleGamePIA.app/SimpleGamePIA</string>
				<key>FRAMEWORK_SEARCH_PATHS</key>
				<array>
					<string>$(SDKROOT)/Developer/Library/Frameworks</string>
					<string>$(inherited)</string>
					<string>$(DEVELOPER_FRAMEWORKS_DIR)</string>
				</array>
				<key>GCC_PRECOMPILE_PREFIX_HEADER</key>
				<string>YES</string>
				<key>GCC_PREFIX_HEADER</key>
				<string>SimpleGamePIA/SimpleGamePIA-Prefix.pch</string>
				<key>INFOPLIST_FILE</key>
				<string>SimpleGamePIATests/SimpleGamePIATests-Info.plist</string>
				<key>PRODUCT_NAME</key>
				<string>$(TARGET_NAME)</string>
				<key>TEST_HOST</key>
				<string>$(BUNDLE_LOADER)</string>
				<key>WRAPPER_EXTENSION</key>
				<string>xctest</string>
			</dict>
			<key>isa</key>
			<string>XCBuildConfiguration</string>
			<key>name</key>
			<string>Release</string>
		</dict>
		<key>8975E90EBF314974B695C662</key>
		<dict>
			<key>fileRef</key>
			<string>27B41B3DE0BB4E638B1EE2CA</string>
			<key>isa</key>
			<string>PBXBuildFile</string>
		</dict>
		<key>F54D4348936C464EBD7781CA</key>
		<dict>
			<key>buildActionMask</key>
			<string>2147483647</string>
			<key>files</key>
			<array/>
			<key>inputPaths</key>
			<array/>
			<key>isa</key>
			<string>PBXShellScriptBuildPhase</string>
			<key>name</key>
			<string>Copy Pods Resources</string>
			<key>outputPaths</key>
			<array/>
			<key>runOnlyForDeploymentPostprocessing</key>
			<string>0</string>
			<key>shellPath</key>
			<string>/bin/sh</string>
			<key>shellScript</key>
			<string>"${SRCROOT}/Pods/Pods-resources.sh"
</string>
			<key>showEnvVarsInLog</key>
			<string>0</string>
		</dict>
	</dict>
	<key>rootObject</key>
	<string>6CB5C2A218C9043000343C36</string>
</dict>
</plist>
